
Microsoft Visual Studio Solution File, Format Version 12.00
# Visual Studio Version 17
VisualStudioVersion = 17.9.34728.123
MinimumVisualStudioVersion = 10.0.40219.1
Project("{FAE04EC0-301F-11D3-BF4B-00C04F79EFBC}") = "Tramsim-Repainter", "Tramsim-Repainter\Tramsim-Repainter.csproj", "{F8AFDF8F-7502-4723-A3C5-A832A45CE474}"
EndProject
Global
	GlobalSection(SolutionConfigurationPlatforms) = preSolution
		Debug|Any CPU = Debug|Any CPU
		Release|Any CPU = Release|Any CPU
	EndGlobalSection
	GlobalSection(ProjectConfigurationPlatforms) = postSolution
		{F8AFDF8F-7502-4723-A3C5-A832A45CE474}.Debug|Any CPU.ActiveCfg = Debug|Any CPU
		{F8AFDF8F-7502-4723-A3C5-A832A45CE474}.Debug|Any CPU.Build.0 = Debug|Any CPU
		{F8AFDF8F-7502-4723-A3C5-A832A45CE474}.Release|Any CPU.ActiveCfg = Release|Any CPU
		{F8AFDF8F-7502-4723-A3C5-A832A45CE474}.Release|Any CPU.Build.0 = Release|Any CPU
	EndGlobalSection
	GlobalSection(SolutionProperties) = preSolution
		HideSolutionNode = FALSE
	EndGlobalSection
	GlobalSection(ExtensibilityGlobals) = postSolution
		SolutionGuid = {87282E18-AC62-42B0-9F5A-2EA61EFE2B72}
	EndGlobalSection
EndGlobal
